
Microsoft Visual Studio Solution File, Format Version 12.00
# Visual Studio Version 17
VisualStudioVersion = 17.2.32630.192
MinimumVisualStudioVersion = 10.0.40219.1
Project("{9A19103F-16F7-4668-BE54-9A1E7A4F7556}") = "ISO11820-2020", "ISO11820-2020\ISO11820-2020.csproj", "{24A2F513-A523-4B9D-A094-90FCD5E8740B}"
EndProject
Project("{9A19103F-16F7-4668-BE54-9A1E7A4F7556}") = "TestClient", "TestClient\TestClient.csproj", "{238F6500-63AF-416C-8BCD-BDF36412619A}"
	ProjectSection(ProjectDependencies) = postProject
		{24A2F513-A523-4B9D-A094-90FCD5E8740B} = {24A2F513-A523-4B9D-A094-90FCD5E8740B}
	EndProjectSection
EndProject
Global
	GlobalSection(SolutionConfigurationPlatforms) = preSolution
		Debug|Any CPU = Debug|Any CPU
		Release|Any CPU = Release|Any CPU
	EndGlobalSection
	GlobalSection(ProjectConfigurationPlatforms) = postSolution
		{24A2F513-A523-4B9D-A094-90FCD5E8740B}.Debug|Any CPU.ActiveCfg = Debug|Any CPU
		{24A2F513-A523-4B9D-A094-90FCD5E8740B}.Debug|Any CPU.Build.0 = Debug|Any CPU
		{24A2F513-A523-4B9D-A094-90FCD5E8740B}.Release|Any CPU.ActiveCfg = Release|Any CPU
		{24A2F513-A523-4B9D-A094-90FCD5E8740B}.Release|Any CPU.Build.0 = Release|Any CPU
		{238F6500-63AF-416C-8BCD-BDF36412619A}.Debug|Any CPU.ActiveCfg = Debug|Any CPU
		{238F6500-63AF-416C-8BCD-BDF36412619A}.Debug|Any CPU.Build.0 = Debug|Any CPU
		{238F6500-63AF-416C-8BCD-BDF36412619A}.Release|Any CPU.ActiveCfg = Release|Any CPU
		{238F6500-63AF-416C-8BCD-BDF36412619A}.Release|Any CPU.Build.0 = Release|Any CPU
	EndGlobalSection
	GlobalSection(SolutionProperties) = preSolution
		HideSolutionNode = FALSE
	EndGlobalSection
	GlobalSection(ExtensibilityGlobals) = postSolution
		SolutionGuid = {1700741E-2C7F-4A5B-9C11-E895A83C7570}
	EndGlobalSection
EndGlobal
